
Microsoft Visual Studio Solution File, Format Version 12.00
# Visual Studio Version 17
VisualStudioVersion = 17.0.31912.275
MinimumVisualStudioVersion = 10.0.40219.1
Project("{888888A0-9F3D-457C-B088-3A5042F75D52}") = "LabExer2B_2020161610", "LabExer2B_2020161610\LabExer2B_2020161610.pyproj", "{EA80968F-725E-4276-B67B-D2277A4DA7A3}"
EndProject
Global
	GlobalSection(SolutionConfigurationPlatforms) = preSolution
		Debug|Any CPU = Debug|Any CPU
		Release|Any CPU = Release|Any CPU
	EndGlobalSection
	GlobalSection(ProjectConfigurationPlatforms) = postSolution
		{EA80968F-725E-4276-B67B-D2277A4DA7A3}.Debug|Any CPU.ActiveCfg = Debug|Any CPU
		{EA80968F-725E-4276-B67B-D2277A4DA7A3}.Release|Any CPU.ActiveCfg = Release|Any CPU
	EndGlobalSection
	GlobalSection(SolutionProperties) = preSolution
		HideSolutionNode = FALSE
	EndGlobalSection
	GlobalSection(ExtensibilityGlobals) = postSolution
		SolutionGuid = {5B4CFEAF-D84E-4425-B3A7-5989500FCFA0}
	EndGlobalSection
EndGlobal
